
Microsoft Visual Studio Solution File, Format Version 12.00
# Visual Studio 15
VisualStudioVersion = 15.0.28307.489
MinimumVisualStudioVersion = 10.0.40219.1
Project("{FAE04EC0-301F-11D3-BF4B-00C04F79EFBC}") = "CrupApp.Android", "CrupApp\CrupApp.Android\CrupApp.Android.csproj", "{C0BA531B-2D57-4D48-B3D4-64665764DF68}"
EndProject
Project("{FAE04EC0-301F-11D3-BF4B-00C04F79EFBC}") = "CrupApp.iOS", "CrupApp\CrupApp.iOS\CrupApp.iOS.csproj", "{3820AA33-3908-488E-8CB9-19CC2471D78D}"
EndProject
Project("{FAE04EC0-301F-11D3-BF4B-00C04F79EFBC}") = "CrupApp.UWP", "CrupApp\CrupApp.UWP\CrupApp.UWP.csproj", "{196DAF5D-1140-4F5A-B1CD-CA9A16DE1FF5}"
EndProject
Project("{9A19103F-16F7-4668-BE54-9A1E7A4F7556}") = "CrupApp", "CrupApp\CrupApp\CrupApp.csproj", "{98D09B0A-EDCA-4223-BA1C-27C59B544613}"
EndProject
Global
	GlobalSection(SolutionConfigurationPlatforms) = preSolution
		Ad-Hoc|Any CPU = Ad-Hoc|Any CPU
		Ad-Hoc|ARM = Ad-Hoc|ARM
		Ad-Hoc|iPhone = Ad-Hoc|iPhone
		Ad-Hoc|iPhoneSimulator = Ad-Hoc|iPhoneSimulator
		Ad-Hoc|x64 = Ad-Hoc|x64
		Ad-Hoc|x86 = Ad-Hoc|x86
		AppStore|Any CPU = AppStore|Any CPU
		AppStore|ARM = AppStore|ARM
		AppStore|iPhone = AppStore|iPhone
		AppStore|iPhoneSimulator = AppStore|iPhoneSimulator
		AppStore|x64 = AppStore|x64
		AppStore|x86 = AppStore|x86
		Debug|Any CPU = Debug|Any CPU
		Debug|ARM = Debug|ARM
		Debug|iPhone = Debug|iPhone
		Debug|iPhoneSimulator = Debug|iPhoneSimulator
		Debug|x64 = Debug|x64
		Debug|x86 = Debug|x86
		Release|Any CPU = Release|Any CPU
		Release|ARM = Release|ARM
		Release|iPhone = Release|iPhone
		Release|iPhoneSimulator = Release|iPhoneSimulator
		Release|x64 = Release|x64
		Release|x86 = Release|x86
	EndGlobalSection
	GlobalSection(ProjectConfigurationPlatforms) = postSolution
		{C0BA531B-2D57-4D48-B3D4-64665764DF68}.Ad-Hoc|Any CPU.ActiveCfg = Release|Any CPU
		{C0BA531B-2D57-4D48-B3D4-64665764DF68}.Ad-Hoc|Any CPU.Build.0 = Release|Any CPU
		{C0BA531B-2D57-4D48-B3D4-64665764DF68}.Ad-Hoc|Any CPU.Deploy.0 = Release|Any CPU
		{C0BA531B-2D57-4D48-B3D4-64665764DF68}.Ad-Hoc|ARM.ActiveCfg = Release|Any CPU
		{C0BA531B-2D57-4D48-B3D4-64665764DF68}.Ad-Hoc|ARM.Build.0 = Release|Any CPU
		{C0BA531B-2D57-4D48-B3D4-64665764DF68}.Ad-Hoc|ARM.Deploy.0 = Release|Any CPU
		{C0BA531B-2D57-4D48-B3D4-64665764DF68}.Ad-Hoc|iPhone.ActiveCfg = Release|Any CPU
		{C0BA531B-2D57-4D48-B3D4-64665764DF68}.Ad-Hoc|iPhone.Build.0 = Release|Any CPU
		{C0BA531B-2D57-4D48-B3D4-64665764DF68}.Ad-Hoc|iPhone.Deploy.0 = Release|Any CPU
		{C0BA531B-2D57-4D48-B3D4-64665764DF68}.Ad-Hoc|iPhoneSimulator.ActiveCfg = Release|Any CPU
		{C0BA531B-2D57-4D48-B3D4-64665764DF68}.Ad-Hoc|iPhoneSimulator.Build.0 = Release|Any CPU
		{C0BA531B-2D57-4D48-B3D4-64665764DF68}.Ad-Hoc|iPhoneSimulator.Deploy.0 = Release|Any CPU
		{C0BA531B-2D57-4D48-B3D4-64665764DF68}.Ad-Hoc|x64.ActiveCfg = Release|Any CPU
		{C0BA531B-2D57-4D48-B3D4-64665764DF68}.Ad-Hoc|x64.Build.0 = Release|Any CPU
		{C0BA531B-2D57-4D48-B3D4-64665764DF68}.Ad-Hoc|x64.Deploy.0 = Release|Any CPU
		{C0BA531B-2D57-4D48-B3D4-64665764DF68}.Ad-Hoc|x86.ActiveCfg = Release|Any CPU
		{C0BA531B-2D57-4D48-B3D4-64665764DF68}.Ad-Hoc|x86.Build.0 = Release|Any CPU
		{C0BA531B-2D57-4D48-B3D4-64665764DF68}.Ad-Hoc|x86.Deploy.0 = Release|Any CPU
		{C0BA531B-2D57-4D48-B3D4-64665764DF68}.AppStore|Any CPU.ActiveCfg = Release|Any CPU
		{C0BA531B-2D57-4D48-B3D4-64665764DF68}.AppStore|Any CPU.Build.0 = Release|Any CPU
		{C0BA531B-2D57-4D48-B3D4-64665764DF68}.AppStore|Any CPU.Deploy.0 = Release|Any CPU
		{C0BA531B-2D57-4D48-B3D4-64665764DF68}.AppStore|ARM.ActiveCfg = Release|Any CPU
		{C0BA531B-2D57-4D48-B3D4-64665764DF68}.AppStore|ARM.Build.0 = Release|Any CPU
		{C0BA531B-2D57-4D48-B3D4-64665764DF68}.AppStore|ARM.Deploy.0 = Release|Any CPU
		{C0BA531B-2D57-4D48-B3D4-64665764DF68}.AppStore|iPhone.ActiveCfg = Release|Any CPU
		{C0BA531B-2D57-4D48-B3D4-64665764DF68}.AppStore|iPhone.Build.0 = Release|Any CPU
		{C0BA531B-2D57-4D48-B3D4-64665764DF68}.AppStore|iPhone.Deploy.0 = Release|Any CPU
		{C0BA531B-2D57-4D48-B3D4-64665764DF68}.AppStore|iPhoneSimulator.ActiveCfg = Release|Any CPU
		{C0BA531B-2D57-4D48-B3D4-64665764DF68}.AppStore|iPhoneSimulator.Build.0 = Release|Any CPU
		{C0BA531B-2D57-4D48-B3D4-64665764DF68}.AppStore|iPhoneSimulator.Deploy.0 = Release|Any CPU
		{C0BA531B-2D57-4D48-B3D4-64665764DF68}.AppStore|x64.ActiveCfg = Release|Any CPU
		{C0BA531B-2D57-4D48-B3D4-64665764DF68}.AppStore|x64.Build.0 = Release|Any CPU
		{C0BA531B-2D57-4D48-B3D4-64665764DF68}.AppStore|x64.Deploy.0 = Release|Any CPU
		{C0BA531B-2D57-4D48-B3D4-64665764DF68}.AppStore|x86.ActiveCfg = Release|Any CPU
		{C0BA531B-2D57-4D48-B3D4-64665764DF68}.AppStore|x86.Build.0 = Release|Any CPU
		{C0BA531B-2D57-4D48-B3D4-64665764DF68}.AppStore|x86.Deploy.0 = Release|Any CPU
		{C0BA531B-2D57-4D48-B3D4-64665764DF68}.Debug|Any CPU.ActiveCfg = Debug|Any CPU
		{C0BA531B-2D57-4D48-B3D4-64665764DF68}.Debug|Any CPU.Build.0 = Debug|Any CPU
		{C0BA531B-2D57-4D48-B3D4-64665764DF68}.Debug|Any CPU.Deploy.0 = Debug|Any CPU
		{C0BA531B-2D57-4D48-B3D4-64665764DF68}.Debug|ARM.ActiveCfg = Debug|Any CPU
		{C0BA531B-2D57-4D48-B3D4-64665764DF68}.Debug|ARM.Build.0 = Debug|Any CPU
		{C0BA531B-2D57-4D48-B3D4-64665764DF68}.Debug|ARM.Deploy.0 = Debug|Any CPU
		{C0BA531B-2D57-4D48-B3D4-64665764DF68}.Debug|iPhone.ActiveCfg = Debug|Any CPU
		{C0BA531B-2D57-4D48-B3D4-64665764DF68}.Debug|iPhone.Build.0 = Debug|Any CPU
		{C0BA531B-2D57-4D48-B3D4-64665764DF68}.Debug|iPhone.Deploy.0 = Debug|Any CPU
		{C0BA531B-2D57-4D48-B3D4-64665764DF68}.Debug|iPhoneSimulator.ActiveCfg = Debug|Any CPU
		{C0BA531B-2D57-4D48-B3D4-64665764DF68}.Debug|iPhoneSimulator.Build.0 = Debug|Any CPU
		{C0BA531B-2D57-4D48-B3D4-64665764DF68}.Debug|iPhoneSimulator.Deploy.0 = Debug|Any CPU
		{C0BA531B-2D57-4D48-B3D4-64665764DF68}.Debug|x64.ActiveCfg = Debug|Any CPU
		{C0BA531B-2D57-4D48-B3D4-64665764DF68}.Debug|x64.Build.0 = Debug|Any CPU
		{C0BA531B-2D57-4D48-B3D4-64665764DF68}.Debug|x64.Deploy.0 = Debug|Any CPU
		{C0BA531B-2D57-4D48-B3D4-64665764DF68}.Debug|x86.ActiveCfg = Debug|Any CPU
		{C0BA531B-2D57-4D48-B3D4-64665764DF68}.Debug|x86.Build.0 = Debug|Any CPU
		{C0BA531B-2D57-4D48-B3D4-64665764DF68}.Debug|x86.Deploy.0 = Debug|Any CPU
		{C0BA531B-2D57-4D48-B3D4-64665764DF68}.Release|Any CPU.ActiveCfg = Release|Any CPU
		{C0BA531B-2D57-4D48-B3D4-64665764DF68}.Release|Any CPU.Build.0 = Release|Any CPU
		{C0BA531B-2D57-4D48-B3D4-64665764DF68}.Release|Any CPU.Deploy.0 = Release|Any CPU
		{C0BA531B-2D57-4D48-B3D4-64665764DF68}.Release|ARM.ActiveCfg = Release|Any CPU
		{C0BA531B-2D57-4D48-B3D4-64665764DF68}.Release|ARM.Build.0 = Release|Any CPU
		{C0BA531B-2D57-4D48-B3D4-64665764DF68}.Release|ARM.Deploy.0 = Release|Any CPU
		{C0BA531B-2D57-4D48-B3D4-64665764DF68}.Release|iPhone.ActiveCfg = Release|Any CPU
		{C0BA531B-2D57-4D48-B3D4-64665764DF68}.Release|iPhone.Build.0 = Release|Any CPU
		{C0BA531B-2D57-4D48-B3D4-64665764DF68}.Release|iPhone.Deploy.0 = Release|Any CPU
		{C0BA531B-2D57-4D48-B3D4-64665764DF68}.Release|iPhoneSimulator.ActiveCfg = Release|Any CPU
		{C0BA531B-2D57-4D48-B3D4-64665764DF68}.Release|iPhoneSimulator.Build.0 = Release|Any CPU
		{C0BA531B-2D57-4D48-B3D4-64665764DF68}.Release|iPhoneSimulator.Deploy.0 = Release|Any CPU
		{C0BA531B-2D57-4D48-B3D4-64665764DF68}.Release|x64.ActiveCfg = Release|Any CPU
		{C0BA531B-2D57-4D48-B3D4-64665764DF68}.Release|x64.Build.0 = Release|Any CPU
		{C0BA531B-2D57-4D48-B3D4-64665764DF68}.Release|x64.Deploy.0 = Release|Any CPU
		{C0BA531B-2D57-4D48-B3D4-64665764DF68}.Release|x86.ActiveCfg = Release|Any CPU
		{C0BA531B-2D57-4D48-B3D4-64665764DF68}.Release|x86.Build.0 = Release|Any CPU
		{C0BA531B-2D57-4D48-B3D4-64665764DF68}.Release|x86.Deploy.0 = Release|Any CPU
		{3820AA33-3908-488E-8CB9-19CC2471D78D}.Ad-Hoc|Any CPU.ActiveCfg = Ad-Hoc|iPhone
		{3820AA33-3908-488E-8CB9-19CC2471D78D}.Ad-Hoc|Any CPU.Build.0 = Ad-Hoc|iPhone
		{3820AA33-3908-488E-8CB9-19CC2471D78D}.Ad-Hoc|Any CPU.Deploy.0 = Ad-Hoc|iPhone
		{3820AA33-3908-488E-8CB9-19CC2471D78D}.Ad-Hoc|ARM.ActiveCfg = Ad-Hoc|iPhone
		{3820AA33-3908-488E-8CB9-19CC2471D78D}.Ad-Hoc|ARM.Build.0 = Ad-Hoc|iPhone
		{3820AA33-3908-488E-8CB9-19CC2471D78D}.Ad-Hoc|ARM.Deploy.0 = Ad-Hoc|iPhone
		{3820AA33-3908-488E-8CB9-19CC2471D78D}.Ad-Hoc|iPhone.ActiveCfg = Ad-Hoc|iPhone
		{3820AA33-3908-488E-8CB9-19CC2471D78D}.Ad-Hoc|iPhone.Build.0 = Ad-Hoc|iPhone
		{3820AA33-3908-488E-8CB9-19CC2471D78D}.Ad-Hoc|iPhone.Deploy.0 = Ad-Hoc|iPhone
		{3820AA33-3908-488E-8CB9-19CC2471D78D}.Ad-Hoc|iPhoneSimulator.ActiveCfg = Ad-Hoc|iPhoneSimulator
		{3820AA33-3908-488E-8CB9-19CC2471D78D}.Ad-Hoc|iPhoneSimulator.Build.0 = Ad-Hoc|iPhoneSimulator
		{3820AA33-3908-488E-8CB9-19CC2471D78D}.Ad-Hoc|iPhoneSimulator.Deploy.0 = Ad-Hoc|iPhoneSimulator
		{3820AA33-3908-488E-8CB9-19CC2471D78D}.Ad-Hoc|x64.ActiveCfg = Ad-Hoc|iPhone
		{3820AA33-3908-488E-8CB9-19CC2471D78D}.Ad-Hoc|x64.Build.0 = Ad-Hoc|iPhone
		{3820AA33-3908-488E-8CB9-19CC2471D78D}.Ad-Hoc|x64.Deploy.0 = Ad-Hoc|iPhone
		{3820AA33-3908-488E-8CB9-19CC2471D78D}.Ad-Hoc|x86.ActiveCfg = Ad-Hoc|iPhone
		{3820AA33-3908-488E-8CB9-19CC2471D78D}.Ad-Hoc|x86.Build.0 = Ad-Hoc|iPhone
		{3820AA33-3908-488E-8CB9-19CC2471D78D}.Ad-Hoc|x86.Deploy.0 = Ad-Hoc|iPhone
		{3820AA33-3908-488E-8CB9-19CC2471D78D}.AppStore|Any CPU.ActiveCfg = AppStore|iPhone
		{3820AA33-3908-488E-8CB9-19CC2471D78D}.AppStore|Any CPU.Build.0 = AppStore|iPhone
		{3820AA33-3908-488E-8CB9-19CC2471D78D}.AppStore|Any CPU.Deploy.0 = AppStore|iPhone
		{3820AA33-3908-488E-8CB9-19CC2471D78D}.AppStore|ARM.ActiveCfg = AppStore|iPhone
		{3820AA33-3908-488E-8CB9-19CC2471D78D}.AppStore|ARM.Build.0 = AppStore|iPhone
		{3820AA33-3908-488E-8CB9-19CC2471D78D}.AppStore|ARM.Deploy.0 = AppStore|iPhone
		{3820AA33-3908-488E-8CB9-19CC2471D78D}.AppStore|iPhone.ActiveCfg = AppStore|iPhone
		{3820AA33-3908-488E-8CB9-19CC2471D78D}.AppStore|iPhone.Build.0 = AppStore|iPhone
		{3820AA33-3908-488E-8CB9-19CC2471D78D}.AppStore|iPhone.Deploy.0 = AppStore|iPhone
		{3820AA33-3908-488E-8CB9-19CC2471D78D}.AppStore|iPhoneSimulator.ActiveCfg = AppStore|iPhoneSimulator
		{3820AA33-3908-488E-8CB9-19CC2471D78D}.AppStore|iPhoneSimulator.Build.0 = AppStore|iPhoneSimulator
		{3820AA33-3908-488E-8CB9-19CC2471D78D}.AppStore|iPhoneSimulator.Deploy.0 = AppStore|iPhoneSimulator
		{3820AA33-3908-488E-8CB9-19CC2471D78D}.AppStore|x64.ActiveCfg = AppStore|iPhone
		{3820AA33-3908-488E-8CB9-19CC2471D78D}.AppStore|x64.Build.0 = AppStore|iPhone
		{3820AA33-3908-488E-8CB9-19CC2471D78D}.AppStore|x64.Deploy.0 = AppStore|iPhone
		{3820AA33-3908-488E-8CB9-19CC2471D78D}.AppStore|x86.ActiveCfg = AppStore|iPhone
		{3820AA33-3908-488E-8CB9-19CC2471D78D}.AppStore|x86.Build.0 = AppStore|iPhone
		{3820AA33-3908-488E-8CB9-19CC2471D78D}.AppStore|x86.Deploy.0 = AppStore|iPhone
		{3820AA33-3908-488E-8CB9-19CC2471D78D}.Debug|Any CPU.ActiveCfg = Debug|iPhoneSimulator
		{3820AA33-3908-488E-8CB9-19CC2471D78D}.Debug|Any CPU.Build.0 = Debug|iPhoneSimulator
		{3820AA33-3908-488E-8CB9-19CC2471D78D}.Debug|Any CPU.Deploy.0 = Debug|iPhoneSimulator
		{3820AA33-3908-488E-8CB9-19CC2471D78D}.Debug|ARM.ActiveCfg = Debug|iPhone
		{3820AA33-3908-488E-8CB9-19CC2471D78D}.Debug|ARM.Build.0 = Debug|iPhone
		{3820AA33-3908-488E-8CB9-19CC2471D78D}.Debug|ARM.Deploy.0 = Debug|iPhone
		{3820AA33-3908-488E-8CB9-19CC2471D78D}.Debug|iPhone.ActiveCfg = Debug|iPhone
		{3820AA33-3908-488E-8CB9-19CC2471D78D}.Debug|iPhone.Build.0 = Debug|iPhone
		{3820AA33-3908-488E-8CB9-19CC2471D78D}.Debug|iPhone.Deploy.0 = Debug|iPhone
		{3820AA33-3908-488E-8CB9-19CC2471D78D}.Debug|iPhoneSimulator.ActiveCfg = Debug|iPhoneSimulator
		{3820AA33-3908-488E-8CB9-19CC2471D78D}.Debug|iPhoneSimulator.Build.0 = Debug|iPhoneSimulator
		{3820AA33-3908-488E-8CB9-19CC2471D78D}.Debug|iPhoneSimulator.Deploy.0 = Debug|iPhoneSimulator
		{3820AA33-3908-488E-8CB9-19CC2471D78D}.Debug|x64.ActiveCfg = Debug|iPhone
		{3820AA33-3908-488E-8CB9-19CC2471D78D}.Debug|x64.Build.0 = Debug|iPhone
		{3820AA33-3908-488E-8CB9-19CC2471D78D}.Debug|x64.Deploy.0 = Debug|iPhone
		{3820AA33-3908-488E-8CB9-19CC2471D78D}.Debug|x86.ActiveCfg = Debug|iPhone
		{3820AA33-3908-488E-8CB9-19CC2471D78D}.Debug|x86.Build.0 = Debug|iPhone
		{3820AA33-3908-488E-8CB9-19CC2471D78D}.Debug|x86.Deploy.0 = Debug|iPhone
		{3820AA33-3908-488E-8CB9-19CC2471D78D}.Release|Any CPU.ActiveCfg = Release|iPhone
		{3820AA33-3908-488E-8CB9-19CC2471D78D}.Release|Any CPU.Build.0 = Release|iPhone
		{3820AA33-3908-488E-8CB9-19CC2471D78D}.Release|Any CPU.Deploy.0 = Release|iPhone
		{3820AA33-3908-488E-8CB9-19CC2471D78D}.Release|ARM.ActiveCfg = Release|iPhone
		{3820AA33-3908-488E-8CB9-19CC2471D78D}.Release|ARM.Build.0 = Release|iPhone
		{3820AA33-3908-488E-8CB9-19CC2471D78D}.Release|ARM.Deploy.0 = Release|iPhone
		{3820AA33-3908-488E-8CB9-19CC2471D78D}.Release|iPhone.ActiveCfg = Release|iPhone
		{3820AA33-3908-488E-8CB9-19CC2471D78D}.Release|iPhone.Build.0 = Release|iPhone
		{3820AA33-3908-488E-8CB9-19CC2471D78D}.Release|iPhone.Deploy.0 = Release|iPhone
		{3820AA33-3908-488E-8CB9-19CC2471D78D}.Release|iPhoneSimulator.ActiveCfg = Release|iPhoneSimulator
		{3820AA33-3908-488E-8CB9-19CC2471D78D}.Release|iPhoneSimulator.Build.0 = Release|iPhoneSimulator
		{3820AA33-3908-488E-8CB9-19CC2471D78D}.Release|iPhoneSimulator.Deploy.0 = Release|iPhoneSimulator
		{3820AA33-3908-488E-8CB9-19CC2471D78D}.Release|x64.ActiveCfg = Release|iPhone
		{3820AA33-3908-488E-8CB9-19CC2471D78D}.Release|x64.Build.0 = Release|iPhone
		{3820AA33-3908-488E-8CB9-19CC2471D78D}.Release|x64.Deploy.0 = Release|iPhone
		{3820AA33-3908-488E-8CB9-19CC2471D78D}.Release|x86.ActiveCfg = Release|iPhone
		{3820AA33-3908-488E-8CB9-19CC2471D78D}.Release|x86.Build.0 = Release|iPhone
		{3820AA33-3908-488E-8CB9-19CC2471D78D}.Release|x86.Deploy.0 = Release|iPhone
		{196DAF5D-1140-4F5A-B1CD-CA9A16DE1FF5}.Ad-Hoc|Any CPU.ActiveCfg = Release|x86
		{196DAF5D-1140-4F5A-B1CD-CA9A16DE1FF5}.Ad-Hoc|Any CPU.Build.0 = Release|x86
		{196DAF5D-1140-4F5A-B1CD-CA9A16DE1FF5}.Ad-Hoc|Any CPU.Deploy.0 = Release|x86
		{196DAF5D-1140-4F5A-B1CD-CA9A16DE1FF5}.Ad-Hoc|ARM.ActiveCfg = Release|ARM
		{196DAF5D-1140-4F5A-B1CD-CA9A16DE1FF5}.Ad-Hoc|ARM.Build.0 = Release|ARM
		{196DAF5D-1140-4F5A-B1CD-CA9A16DE1FF5}.Ad-Hoc|ARM.Deploy.0 = Release|ARM
		{196DAF5D-1140-4F5A-B1CD-CA9A16DE1FF5}.Ad-Hoc|iPhone.ActiveCfg = Release|x86
		{196DAF5D-1140-4F5A-B1CD-CA9A16DE1FF5}.Ad-Hoc|iPhone.Build.0 = Release|x86
		{196DAF5D-1140-4F5A-B1CD-CA9A16DE1FF5}.Ad-Hoc|iPhone.Deploy.0 = Release|x86
		{196DAF5D-1140-4F5A-B1CD-CA9A16DE1FF5}.Ad-Hoc|iPhoneSimulator.ActiveCfg = Release|x86
		{196DAF5D-1140-4F5A-B1CD-CA9A16DE1FF5}.Ad-Hoc|iPhoneSimulator.Build.0 = Release|x86
		{196DAF5D-1140-4F5A-B1CD-CA9A16DE1FF5}.Ad-Hoc|iPhoneSimulator.Deploy.0 = Release|x86
		{196DAF5D-1140-4F5A-B1CD-CA9A16DE1FF5}.Ad-Hoc|x64.ActiveCfg = Release|x64
		{196DAF5D-1140-4F5A-B1CD-CA9A16DE1FF5}.Ad-Hoc|x64.Build.0 = Release|x64
		{196DAF5D-1140-4F5A-B1CD-CA9A16DE1FF5}.Ad-Hoc|x64.Deploy.0 = Release|x64
		{196DAF5D-1140-4F5A-B1CD-CA9A16DE1FF5}.Ad-Hoc|x86.ActiveCfg = Release|x86
		{196DAF5D-1140-4F5A-B1CD-CA9A16DE1FF5}.Ad-Hoc|x86.Build.0 = Release|x86
		{196DAF5D-1140-4F5A-B1CD-CA9A16DE1FF5}.Ad-Hoc|x86.Deploy.0 = Release|x86
		{196DAF5D-1140-4F5A-B1CD-CA9A16DE1FF5}.AppStore|Any CPU.ActiveCfg = Release|x86
		{196DAF5D-1140-4F5A-B1CD-CA9A16DE1FF5}.AppStore|Any CPU.Build.0 = Release|x86
		{196DAF5D-1140-4F5A-B1CD-CA9A16DE1FF5}.AppStore|Any CPU.Deploy.0 = Release|x86
		{196DAF5D-1140-4F5A-B1CD-CA9A16DE1FF5}.AppStore|ARM.ActiveCfg = Release|ARM
		{196DAF5D-1140-4F5A-B1CD-CA9A16DE1FF5}.AppStore|ARM.Build.0 = Release|ARM
		{196DAF5D-1140-4F5A-B1CD-CA9A16DE1FF5}.AppStore|ARM.Deploy.0 = Release|ARM
		{196DAF5D-1140-4F5A-B1CD-CA9A16DE1FF5}.AppStore|iPhone.ActiveCfg = Release|x86
		{196DAF5D-1140-4F5A-B1CD-CA9A16DE1FF5}.AppStore|iPhone.Build.0 = Release|x86
		{196DAF5D-1140-4F5A-B1CD-CA9A16DE1FF5}.AppStore|iPhone.Deploy.0 = Release|x86
		{196DAF5D-1140-4F5A-B1CD-CA9A16DE1FF5}.AppStore|iPhoneSimulator.ActiveCfg = Release|x86
		{196DAF5D-1140-4F5A-B1CD-CA9A16DE1FF5}.AppStore|iPhoneSimulator.Build.0 = Release|x86
		{196DAF5D-1140-4F5A-B1CD-CA9A16DE1FF5}.AppStore|iPhoneSimulator.Deploy.0 = Release|x86
		{196DAF5D-1140-4F5A-B1CD-CA9A16DE1FF5}.AppStore|x64.ActiveCfg = Release|x64
		{196DAF5D-1140-4F5A-B1CD-CA9A16DE1FF5}.AppStore|x64.Build.0 = Release|x64
		{196DAF5D-1140-4F5A-B1CD-CA9A16DE1FF5}.AppStore|x64.Deploy.0 = Release|x64
		{196DAF5D-1140-4F5A-B1CD-CA9A16DE1FF5}.AppStore|x86.ActiveCfg = Release|x86
		{196DAF5D-1140-4F5A-B1CD-CA9A16DE1FF5}.AppStore|x86.Build.0 = Release|x86
		{196DAF5D-1140-4F5A-B1CD-CA9A16DE1FF5}.AppStore|x86.Deploy.0 = Release|x86
		{196DAF5D-1140-4F5A-B1CD-CA9A16DE1FF5}.Debug|Any CPU.ActiveCfg = Debug|x86
		{196DAF5D-1140-4F5A-B1CD-CA9A16DE1FF5}.Debug|Any CPU.Build.0 = Debug|x86
		{196DAF5D-1140-4F5A-B1CD-CA9A16DE1FF5}.Debug|Any CPU.Deploy.0 = Debug|x86
		{196DAF5D-1140-4F5A-B1CD-CA9A16DE1FF5}.Debug|ARM.ActiveCfg = Debug|ARM
		{196DAF5D-1140-4F5A-B1CD-CA9A16DE1FF5}.Debug|ARM.Build.0 = Debug|ARM
		{196DAF5D-1140-4F5A-B1CD-CA9A16DE1FF5}.Debug|ARM.Deploy.0 = Debug|ARM
		{196DAF5D-1140-4F5A-B1CD-CA9A16DE1FF5}.Debug|iPhone.ActiveCfg = Debug|x86
		{196DAF5D-1140-4F5A-B1CD-CA9A16DE1FF5}.Debug|iPhone.Build.0 = Debug|x86
		{196DAF5D-1140-4F5A-B1CD-CA9A16DE1FF5}.Debug|iPhone.Deploy.0 = Debug|x86
		{196DAF5D-1140-4F5A-B1CD-CA9A16DE1FF5}.Debug|iPhoneSimulator.ActiveCfg = Debug|x86
		{196DAF5D-1140-4F5A-B1CD-CA9A16DE1FF5}.Debug|iPhoneSimulator.Build.0 = Debug|x86
		{196DAF5D-1140-4F5A-B1CD-CA9A16DE1FF5}.Debug|iPhoneSimulator.Deploy.0 = Debug|x86
		{196DAF5D-1140-4F5A-B1CD-CA9A16DE1FF5}.Debug|x64.ActiveCfg = Debug|x64
		{196DAF5D-1140-4F5A-B1CD-CA9A16DE1FF5}.Debug|x64.Build.0 = Debug|x64
		{196DAF5D-1140-4F5A-B1CD-CA9A16DE1FF5}.Debug|x64.Deploy.0 = Debug|x64
		{196DAF5D-1140-4F5A-B1CD-CA9A16DE1FF5}.Debug|x86.ActiveCfg = Debug|x86
		{196DAF5D-1140-4F5A-B1CD-CA9A16DE1FF5}.Debug|x86.Build.0 = Debug|x86
		{196DAF5D-1140-4F5A-B1CD-CA9A16DE1FF5}.Debug|x86.Deploy.0 = Debug|x86
		{196DAF5D-1140-4F5A-B1CD-CA9A16DE1FF5}.Release|Any CPU.ActiveCfg = Release|x86
		{196DAF5D-1140-4F5A-B1CD-CA9A16DE1FF5}.Release|Any CPU.Build.0 = Release|x86
		{196DAF5D-1140-4F5A-B1CD-CA9A16DE1FF5}.Release|Any CPU.Deploy.0 = Release|x86
		{196DAF5D-1140-4F5A-B1CD-CA9A16DE1FF5}.Release|ARM.ActiveCfg = Release|ARM
		{196DAF5D-1140-4F5A-B1CD-CA9A16DE1FF5}.Release|ARM.Build.0 = Release|ARM
		{196DAF5D-1140-4F5A-B1CD-CA9A16DE1FF5}.Release|ARM.Deploy.0 = Release|ARM
		{196DAF5D-1140-4F5A-B1CD-CA9A16DE1FF5}.Release|iPhone.ActiveCfg = Release|x86
		{196DAF5D-1140-4F5A-B1CD-CA9A16DE1FF5}.Release|iPhone.Build.0 = Release|x86
		{196DAF5D-1140-4F5A-B1CD-CA9A16DE1FF5}.Release|iPhone.Deploy.0 = Release|x86
		{196DAF5D-1140-4F5A-B1CD-CA9A16DE1FF5}.Release|iPhoneSimulator.ActiveCfg = Release|x86
		{196DAF5D-1140-4F5A-B1CD-CA9A16DE1FF5}.Release|iPhoneSimulator.Build.0 = Release|x86
		{196DAF5D-1140-4F5A-B1CD-CA9A16DE1FF5}.Release|iPhoneSimulator.Deploy.0 = Release|x86
		{196DAF5D-1140-4F5A-B1CD-CA9A16DE1FF5}.Release|x64.ActiveCfg = Release|x64
		{196DAF5D-1140-4F5A-B1CD-CA9A16DE1FF5}.Release|x64.Build.0 = Release|x64
		{196DAF5D-1140-4F5A-B1CD-CA9A16DE1FF5}.Release|x64.Deploy.0 = Release|x64
		{196DAF5D-1140-4F5A-B1CD-CA9A16DE1FF5}.Release|x86.ActiveCfg = Release|x86
		{196DAF5D-1140-4F5A-B1CD-CA9A16DE1FF5}.Release|x86.Build.0 = Release|x86
		{196DAF5D-1140-4F5A-B1CD-CA9A16DE1FF5}.Release|x86.Deploy.0 = Release|x86
		{98D09B0A-EDCA-4223-BA1C-27C59B544613}.Ad-Hoc|Any CPU.ActiveCfg = Debug|Any CPU
		{98D09B0A-EDCA-4223-BA1C-27C59B544613}.Ad-Hoc|Any CPU.Build.0 = Debug|Any CPU
		{98D09B0A-EDCA-4223-BA1C-27C59B544613}.Ad-Hoc|Any CPU.Deploy.0 = Debug|Any CPU
		{98D09B0A-EDCA-4223-BA1C-27C59B544613}.Ad-Hoc|ARM.ActiveCfg = Debug|Any CPU
		{98D09B0A-EDCA-4223-BA1C-27C59B544613}.Ad-Hoc|ARM.Build.0 = Debug|Any CPU
		{98D09B0A-EDCA-4223-BA1C-27C59B544613}.Ad-Hoc|ARM.Deploy.0 = Debug|Any CPU
		{98D09B0A-EDCA-4223-BA1C-27C59B544613}.Ad-Hoc|iPhone.ActiveCfg = Debug|Any CPU
		{98D09B0A-EDCA-4223-BA1C-27C59B544613}.Ad-Hoc|iPhone.Build.0 = Debug|Any CPU
		{98D09B0A-EDCA-4223-BA1C-27C59B544613}.Ad-Hoc|iPhone.Deploy.0 = Debug|Any CPU
		{98D09B0A-EDCA-4223-BA1C-27C59B544613}.Ad-Hoc|iPhoneSimulator.ActiveCfg = Debug|Any CPU
		{98D09B0A-EDCA-4223-BA1C-27C59B544613}.Ad-Hoc|iPhoneSimulator.Build.0 = Debug|Any CPU
		{98D09B0A-EDCA-4223-BA1C-27C59B544613}.Ad-Hoc|iPhoneSimulator.Deploy.0 = Debug|Any CPU
		{98D09B0A-EDCA-4223-BA1C-27C59B544613}.Ad-Hoc|x64.ActiveCfg = Debug|Any CPU
		{98D09B0A-EDCA-4223-BA1C-27C59B544613}.Ad-Hoc|x64.Build.0 = Debug|Any CPU
		{98D09B0A-EDCA-4223-BA1C-27C59B544613}.Ad-Hoc|x64.Deploy.0 = Debug|Any CPU
		{98D09B0A-EDCA-4223-BA1C-27C59B544613}.Ad-Hoc|x86.ActiveCfg = Debug|Any CPU
		{98D09B0A-EDCA-4223-BA1C-27C59B544613}.Ad-Hoc|x86.Build.0 = Debug|Any CPU
		{98D09B0A-EDCA-4223-BA1C-27C59B544613}.Ad-Hoc|x86.Deploy.0 = Debug|Any CPU
		{98D09B0A-EDCA-4223-BA1C-27C59B544613}.AppStore|Any CPU.ActiveCfg = Debug|Any CPU
		{98D09B0A-EDCA-4223-BA1C-27C59B544613}.AppStore|Any CPU.Build.0 = Debug|Any CPU
		{98D09B0A-EDCA-4223-BA1C-27C59B544613}.AppStore|Any CPU.Deploy.0 = Debug|Any CPU
		{98D09B0A-EDCA-4223-BA1C-27C59B544613}.AppStore|ARM.ActiveCfg = Debug|Any CPU
		{98D09B0A-EDCA-4223-BA1C-27C59B544613}.AppStore|ARM.Build.0 = Debug|Any CPU
		{98D09B0A-EDCA-4223-BA1C-27C59B544613}.AppStore|ARM.Deploy.0 = Debug|Any CPU
		{98D09B0A-EDCA-4223-BA1C-27C59B544613}.AppStore|iPhone.ActiveCfg = Debug|Any CPU
		{98D09B0A-EDCA-4223-BA1C-27C59B544613}.AppStore|iPhone.Build.0 = Debug|Any CPU
		{98D09B0A-EDCA-4223-BA1C-27C59B544613}.AppStore|iPhone.Deploy.0 = Debug|Any CPU
		{98D09B0A-EDCA-4223-BA1C-27C59B544613}.AppStore|iPhoneSimulator.ActiveCfg = Debug|Any CPU
		{98D09B0A-EDCA-4223-BA1C-27C59B544613}.AppStore|iPhoneSimulator.Build.0 = Debug|Any CPU
		{98D09B0A-EDCA-4223-BA1C-27C59B544613}.AppStore|iPhoneSimulator.Deploy.0 = Debug|Any CPU
		{98D09B0A-EDCA-4223-BA1C-27C59B544613}.AppStore|x64.ActiveCfg = Debug|Any CPU
		{98D09B0A-EDCA-4223-BA1C-27C59B544613}.AppStore|x64.Build.0 = Debug|Any CPU
		{98D09B0A-EDCA-4223-BA1C-27C59B544613}.AppStore|x64.Deploy.0 = Debug|Any CPU
		{98D09B0A-EDCA-4223-BA1C-27C59B544613}.AppStore|x86.ActiveCfg = Debug|Any CPU
		{98D09B0A-EDCA-4223-BA1C-27C59B544613}.AppStore|x86.Build.0 = Debug|Any CPU
		{98D09B0A-EDCA-4223-BA1C-27C59B544613}.AppStore|x86.Deploy.0 = Debug|Any CPU
		{98D09B0A-EDCA-4223-BA1C-27C59B544613}.Debug|Any CPU.ActiveCfg = Debug|Any CPU
		{98D09B0A-EDCA-4223-BA1C-27C59B544613}.Debug|Any CPU.Build.0 = Debug|Any CPU
		{98D09B0A-EDCA-4223-BA1C-27C59B544613}.Debug|Any CPU.Deploy.0 = Debug|Any CPU
		{98D09B0A-EDCA-4223-BA1C-27C59B544613}.Debug|ARM.ActiveCfg = Debug|Any CPU
		{98D09B0A-EDCA-4223-BA1C-27C59B544613}.Debug|ARM.Build.0 = Debug|Any CPU
		{98D09B0A-EDCA-4223-BA1C-27C59B544613}.Debug|ARM.Deploy.0 = Debug|Any CPU
		{98D09B0A-EDCA-4223-BA1C-27C59B544613}.Debug|iPhone.ActiveCfg = Debug|Any CPU
		{98D09B0A-EDCA-4223-BA1C-27C59B544613}.Debug|iPhone.Build.0 = Debug|Any CPU
		{98D09B0A-EDCA-4223-BA1C-27C59B544613}.Debug|iPhone.Deploy.0 = Debug|Any CPU
		{98D09B0A-EDCA-4223-BA1C-27C59B544613}.Debug|iPhoneSimulator.ActiveCfg = Debug|Any CPU
		{98D09B0A-EDCA-4223-BA1C-27C59B544613}.Debug|iPhoneSimulator.Build.0 = Debug|Any CPU
		{98D09B0A-EDCA-4223-BA1C-27C59B544613}.Debug|iPhoneSimulator.Deploy.0 = Debug|Any CPU
		{98D09B0A-EDCA-4223-BA1C-27C59B544613}.Debug|x64.ActiveCfg = Debug|Any CPU
		{98D09B0A-EDCA-4223-BA1C-27C59B544613}.Debug|x64.Build.0 = Debug|Any CPU
		{98D09B0A-EDCA-4223-BA1C-27C59B544613}.Debug|x64.Deploy.0 = Debug|Any CPU
		{98D09B0A-EDCA-4223-BA1C-27C59B544613}.Debug|x86.ActiveCfg = Debug|Any CPU
		{98D09B0A-EDCA-4223-BA1C-27C59B544613}.Debug|x86.Build.0 = Debug|Any CPU
		{98D09B0A-EDCA-4223-BA1C-27C59B544613}.Debug|x86.Deploy.0 = Debug|Any CPU
		{98D09B0A-EDCA-4223-BA1C-27C59B544613}.Release|Any CPU.ActiveCfg = Release|Any CPU
		{98D09B0A-EDCA-4223-BA1C-27C59B544613}.Release|Any CPU.Build.0 = Release|Any CPU
		{98D09B0A-EDCA-4223-BA1C-27C59B544613}.Release|Any CPU.Deploy.0 = Release|Any CPU
		{98D09B0A-EDCA-4223-BA1C-27C59B544613}.Release|ARM.ActiveCfg = Release|Any CPU
		{98D09B0A-EDCA-4223-BA1C-27C59B544613}.Release|ARM.Build.0 = Release|Any CPU
		{98D09B0A-EDCA-4223-BA1C-27C59B544613}.Release|ARM.Deploy.0 = Release|Any CPU
		{98D09B0A-EDCA-4223-BA1C-27C59B544613}.Release|iPhone.ActiveCfg = Release|Any CPU
		{98D09B0A-EDCA-4223-BA1C-27C59B544613}.Release|iPhone.Build.0 = Release|Any CPU
		{98D09B0A-EDCA-4223-BA1C-27C59B544613}.Release|iPhone.Deploy.0 = Release|Any CPU
		{98D09B0A-EDCA-4223-BA1C-27C59B544613}.Release|iPhoneSimulator.ActiveCfg = Release|Any CPU
		{98D09B0A-EDCA-4223-BA1C-27C59B544613}.Release|iPhoneSimulator.Build.0 = Release|Any CPU
		{98D09B0A-EDCA-4223-BA1C-27C59B544613}.Release|iPhoneSimulator.Deploy.0 = Release|Any CPU
		{98D09B0A-EDCA-4223-BA1C-27C59B544613}.Release|x64.ActiveCfg = Release|Any CPU
		{98D09B0A-EDCA-4223-BA1C-27C59B544613}.Release|x64.Build.0 = Release|Any CPU
		{98D09B0A-EDCA-4223-BA1C-27C59B544613}.Release|x64.Deploy.0 = Release|Any CPU
		{98D09B0A-EDCA-4223-BA1C-27C59B544613}.Release|x86.ActiveCfg = Release|Any CPU
		{98D09B0A-EDCA-4223-BA1C-27C59B544613}.Release|x86.Build.0 = Release|Any CPU
		{98D09B0A-EDCA-4223-BA1C-27C59B544613}.Release|x86.Deploy.0 = Release|Any CPU
	EndGlobalSection
	GlobalSection(SolutionProperties) = preSolution
		HideSolutionNode = FALSE
	EndGlobalSection
	GlobalSection(ExtensibilityGlobals) = postSolution
		SolutionGuid = {757BB57A-1C23-4578-A27C-A13947C2EBE3}
	EndGlobalSection
EndGlobal
